// !$*UTF8*$!
{
	archiveVersion = 1;
	classes = {
	};
	objectVersion = 50;
	objects = {

/* Begin PBXBuildFile section */
		C35DD64A252217D200F49BD5 /* AppDelegate.swift in Sources */ = {isa = PBXBuildFile; fileRef = C35DD649252217D200F49BD5 /* AppDelegate.swift */; };
		C35DD64C252217D200F49BD5 /* SceneDelegate.swift in Sources */ = {isa = PBXBuildFile; fileRef = C35DD64B252217D200F49BD5 /* SceneDelegate.swift */; };
		C35DD64E252217D200F49BD5 /* ViewController.swift in Sources */ = {isa = PBXBuildFile; fileRef = C35DD64D252217D200F49BD5 /* ViewController.swift */; };
		C35DD651252217D200F49BD5 /* Main.storyboard in Resources */ = {isa = PBXBuildFile; fileRef = C35DD64F252217D200F49BD5 /* Main.storyboard */; };
		C35DD654252217D200F49BD5 /* FinalProject.xcdatamodeld in Sources */ = {isa = PBXBuildFile; fileRef = C35DD652252217D200F49BD5 /* FinalProject.xcdatamodeld */; };
		C35DD656252217D500F49BD5 /* Assets.xcassets in Resources */ = {isa = PBXBuildFile; fileRef = C35DD655252217D500F49BD5 /* Assets.xcassets */; };
		C35DD659252217D500F49BD5 /* LaunchScreen.storyboard in Resources */ = {isa = PBXBuildFile; fileRef = C35DD657252217D500F49BD5 /* LaunchScreen.storyboard */; };
		C35DD664252217D500F49BD5 /* FinalProjectTests.swift in Sources */ = {isa = PBXBuildFile; fileRef = C35DD663252217D500F49BD5 /* FinalProjectTests.swift */; };
		C35DD66F252217D500F49BD5 /* FinalProjectUITests.swift in Sources */ = {isa = PBXBuildFile; fileRef = C35DD66E252217D500F49BD5 /* FinalProjectUITests.swift */; };
/* End PBXBuildFile section */

/* Begin PBXContainerItemProxy section */
		C35DD660252217D500F49BD5 /* PBXContainerItemProxy */ = {
			isa = PBXContainerItemProxy;
			containerPortal = C35DD63E252217D200F49BD5 /* Project object */;
			proxyType = 1;
			remoteGlobalIDString = C35DD645252217D200F49BD5;
			remoteInfo = FinalProject;
		};
		C35DD66B252217D500F49BD5 /* PBXContainerItemProxy */ = {
			isa = PBXContainerItemProxy;
			containerPortal = C35DD63E252217D200F49BD5 /* Project object */;
			proxyType = 1;
			remoteGlobalIDString = C35DD645252217D200F49BD5;
			remoteInfo = FinalProject;
		};
/* End PBXContainerItemProxy section */

/* Begin PBXFileReference section */
		C35DD646252217D200F49BD5 /* FinalProject.app */ = {isa = PBXFileReference; explicitFileType = wrapper.application; includeInIndex = 0; path = FinalProject.app; sourceTree = BUILT_PRODUCTS_DIR; };
		C35DD649252217D200F49BD5 /* AppDelegate.swift */ = {isa = PBXFileReference; lastKnownFileType = sourcecode.swift; path = AppDelegate.swift; sourceTree = "<group>"; };
		C35DD64B252217D200F49BD5 /* SceneDelegate.swift */ = {isa = PBXFileReference; lastKnownFileType = sourcecode.swift; path = SceneDelegate.swift; sourceTree = "<group>"; };
		C35DD64D252217D200F49BD5 /* ViewController.swift */ = {isa = PBXFileReference; lastKnownFileType = sourcecode.swift; path = ViewController.swift; sourceTree = "<group>"; };
		C35DD650252217D200F49BD5 /* Base */ = {isa = PBXFileReference; lastKnownFileType = file.storyboard; name = Base; path = Base.lproj/Main.storyboard; sourceTree = "<group>"; };
		C35DD653252217D200F49BD5 /* FinalProject.xcdatamodel */ = {isa = PBXFileReference; lastKnownFileType = wrapper.xcdatamodel; path = FinalProject.xcdatamodel; sourceTree = "<group>"; };
		C35DD655252217D500F49BD5 /* Assets.xcassets */ = {isa = PBXFileReference; lastKnownFileType = folder.assetcatalog; path = Assets.xcassets; sourceTree = "<group>"; };
		C35DD658252217D500F49BD5 /* Base */ = {isa = PBXFileReference; lastKnownFileType = file.storyboard; name = Base; path = Base.lproj/LaunchScreen.storyboard; sourceTree = "<group>"; };
		C35DD65A252217D500F49BD5 /* Info.plist */ = {isa = PBXFileReference; lastKnownFileType = text.plist.xml; path = Info.plist; sourceTree = "<group>"; };
		C35DD65F252217D500F49BD5 /* FinalProjectTests.xctest */ = {isa = PBXFileReference; explicitFileType = wrapper.cfbundle; includeInIndex = 0; path = FinalProjectTests.xctest; sourceTree = BUILT_PRODUCTS_DIR; };
		C35DD663252217D500F49BD5 /* FinalProjectTests.swift */ = {isa = PBXFileReference; lastKnownFileType = sourcecode.swift; path = FinalProjectTests.swift; sourceTree = "<group>"; };
		C35DD665252217D500F49BD5 /* Info.plist */ = {isa = PBXFileReference; lastKnownFileType = text.plist.xml; path = Info.plist; sourceTree = "<group>"; };
		C35DD66A252217D500F49BD5 /* FinalProjectUITests.xctest */ = {isa = PBXFileReference; explicitFileType = wrapper.cfbundle; includeInIndex = 0; path = FinalProjectUITests.xctest; sourceTree = BUILT_PRODUCTS_DIR; };
		C35DD66E252217D500F49BD5 /* FinalProjectUITests.swift */ = {isa = PBXFileReference; lastKnownFileType = sourcecode.swift; path = FinalProjectUITests.swift; sourceTree = "<group>"; };
		C35DD670252217D500F49BD5 /* Info.plist */ = {isa = PBXFileReference; lastKnownFileType = text.plist.xml; path = Info.plist; sourceTree = "<group>"; };
/* End PBXFileReference section */

/* Begin PBXFrameworksBuildPhase section */
		C35DD643252217D200F49BD5 /* Frameworks */ = {
			isa = PBXFrameworksBuildPhase;
			buildActionMask = 2147483647;
			files = (
			);
			runOnlyForDeploymentPostprocessing = 0;
		};
		C35DD65C252217D500F49BD5 /* Frameworks */ = {
			isa = PBXFrameworksBuildPhase;
			buildActionMask = 2147483647;
			files = (
			);
			runOnlyForDeploymentPostprocessing = 0;
		};
		C35DD667252217D500F49BD5 /* Frameworks */ = {
			isa = PBXFrameworksBuildPhase;
			buildActionMask = 2147483647;
			files = (
			);
			runOnlyForDeploymentPostprocessing = 0;
		};
/* End PBXFrameworksBuildPhase section */

/* Begin PBXGroup section */
		C35DD63D252217D200F49BD5 = {
			isa = PBXGroup;
			children = (
				C35DD648252217D200F49BD5 /* FinalProject */,
				C35DD662252217D500F49BD5 /* FinalProjectTests */,
				C35DD66D252217D500F49BD5 /* FinalProjectUITests */,
				C35DD647252217D200F49BD5 /* Products */,
			);
			sourceTree = "<group>";
		};
		C35DD647252217D200F49BD5 /* Products */ = {
			isa = PBXGroup;
			children = (
				C35DD646252217D200F49BD5 /* FinalProject.app */,
				C35DD65F252217D500F49BD5 /* FinalProjectTests.xctest */,
				C35DD66A252217D500F49BD5 /* FinalProjectUITests.xctest */,
			);
			name = Products;
			sourceTree = "<group>";
		};
		C35DD648252217D200F49BD5 /* FinalProject */ = {
			isa = PBXGroup;
			children = (
				C35DD649252217D200F49BD5 /* AppDelegate.swift */,
				C35DD64B252217D200F49BD5 /* SceneDelegate.swift */,
				C35DD64D252217D200F49BD5 /* ViewController.swift */,
				C35DD64F252217D200F49BD5 /* Main.storyboard */,
				C35DD655252217D500F49BD5 /* Assets.xcassets */,
				C35DD657252217D500F49BD5 /* LaunchScreen.storyboard */,
				C35DD65A252217D500F49BD5 /* Info.plist */,
				C35DD652252217D200F49BD5 /* FinalProject.xcdatamodeld */,
			);
			path = FinalProject;
			sourceTree = "<group>";
		};
		C35DD662252217D500F49BD5 /* FinalProjectTests */ = {
			isa = PBXGroup;
			children = (
				C35DD663252217D500F49BD5 /* FinalProjectTests.swift */,
				C35DD665252217D500F49BD5 /* Info.plist */,
			);
			path = FinalProjectTests;
			sourceTree = "<group>";
		};
		C35DD66D252217D500F49BD5 /* FinalProjectUITests */ = {
			isa = PBXGroup;
			children = (
				C35DD66E252217D500F49BD5 /* FinalProjectUITests.swift */,
				C35DD670252217D500F49BD5 /* Info.plist */,
			);
			path = FinalProjectUITests;
			sourceTree = "<group>";
		};
/* End PBXGroup section */

/* Begin PBXNativeTarget section */
		C35DD645252217D200F49BD5 /* FinalProject */ = {
			isa = PBXNativeTarget;
			buildConfigurationList = C35DD673252217D500F49BD5 /* Build configuration list for PBXNativeTarget "FinalProject" */;
			buildPhases = (
				C35DD642252217D200F49BD5 /* Sources */,
				C35DD643252217D200F49BD5 /* Frameworks */,
				C35DD644252217D200F49BD5 /* Resources */,
			);
			buildRules = (
			);
			dependencies = (
			);
			name = FinalProject;
			productName = FinalProject;
			productReference = C35DD646252217D200F49BD5 /* FinalProject.app */;
			productType = "com.apple.product-type.application";
		};
		C35DD65E252217D500F49BD5 /* FinalProjectTests */ = {
			isa = PBXNativeTarget;
			buildConfigurationList = C35DD676252217D500F49BD5 /* Build configuration list for PBXNativeTarget "FinalProjectTests" */;
			buildPhases = (
				C35DD65B252217D500F49BD5 /* Sources */,
				C35DD65C252217D500F49BD5 /* Frameworks */,
				C35DD65D252217D500F49BD5 /* Resources */,
			);
			buildRules = (
			);
			dependencies = (
				C35DD661252217D500F49BD5 /* PBXTargetDependency */,
			);
			name = FinalProjectTests;
			productName = FinalProjectTests;
			productReference = C35DD65F252217D500F49BD5 /* FinalProjectTests.xctest */;
			productType = "com.apple.product-type.bundle.unit-test";
		};
		C35DD669252217D500F49BD5 /* FinalProjectUITests */ = {
			isa = PBXNativeTarget;
			buildConfigurationList = C35DD679252217D500F49BD5 /* Build configuration list for PBXNativeTarget "FinalProjectUITests" */;
			buildPhases = (
				C35DD666252217D500F49BD5 /* Sources */,
				C35DD667252217D500F49BD5 /* Frameworks */,
				C35DD668252217D500F49BD5 /* Resources */,
			);
			buildRules = (
			);
			dependencies = (
				C35DD66C252217D500F49BD5 /* PBXTargetDependency */,
			);
			name = FinalProjectUITests;
			productName = FinalProjectUITests;
			productReference = C35DD66A252217D500F49BD5 /* FinalProjectUITests.xctest */;
			productType = "com.apple.product-type.bundle.ui-testing";
		};
/* End PBXNativeTarget section */

/* Begin PBXProject section */
		C35DD63E252217D200F49BD5 /* Project object */ = {
			isa = PBXProject;
			attributes = {
				LastSwiftUpdateCheck = 1200;
				LastUpgradeCheck = 1200;
				TargetAttributes = {
					C35DD645252217D200F49BD5 = {
						CreatedOnToolsVersion = 12.0;
					};
					C35DD65E252217D500F49BD5 = {
						CreatedOnToolsVersion = 12.0;
						TestTargetID = C35DD645252217D200F49BD5;
					};
					C35DD669252217D500F49BD5 = {
						CreatedOnToolsVersion = 12.0;
						TestTargetID = C35DD645252217D200F49BD5;
					};
				};
			};
			buildConfigurationList = C35DD641252217D200F49BD5 /* Build configuration list for PBXProject "FinalProject" */;
			compatibilityVersion = "Xcode 9.3";
			developmentRegion = en;
			hasScannedForEncodings = 0;
			knownRegions = (
				en,
				Base,
			);
			mainGroup = C35DD63D252217D200F49BD5;
			productRefGroup = C35DD647252217D200F49BD5 /* Products */;
			projectDirPath = "";
			projectRoot = "";
			targets = (
				C35DD645252217D200F49BD5 /* FinalProject */,
				C35DD65E252217D500F49BD5 /* FinalProjectTests */,
				C35DD669252217D500F49BD5 /* FinalProjectUITests */,
			);
		};
/* End PBXProject section */

/* Begin PBXResourcesBuildPhase section */
		C35DD644252217D200F49BD5 /* Resources */ = {
			isa = PBXResourcesBuildPhase;
			buildActionMask = 2147483647;
			files = (
				C35DD659252217D500F49BD5 /* LaunchScreen.storyboard in Resources */,
				C35DD656252217D500F49BD5 /* Assets.xcassets in Resources */,
				C35DD651252217D200F49BD5 /* Main.storyboard in Resources */,
			);
			runOnlyForDeploymentPostprocessing = 0;
		};
		C35DD65D252217D500F49BD5 /* Resources */ = {
			isa = PBXResourcesBuildPhase;
			buildActionMask = 2147483647;
			files = (
			);
			runOnlyForDeploymentPostprocessing = 0;
		};
		C35DD668252217D500F49BD5 /* Resources */ = {
			isa = PBXResourcesBuildPhase;
			buildActionMask = 2147483647;
			files = (
			);
			runOnlyForDeploymentPostprocessing = 0;
		};
/* End PBXResourcesBuildPhase section */

/* Begin PBXSourcesBuildPhase section */
		C35DD642252217D200F49BD5 /* Sources */ = {
			isa = PBXSourcesBuildPhase;
			buildActionMask = 2147483647;
			files = (
				C35DD64E252217D200F49BD5 /* ViewController.swift in Sources */,
				C35DD64A252217D200F49BD5 /* AppDelegate.swift in Sources */,
				C35DD654252217D200F49BD5 /* FinalProject.xcdatamodeld in Sources */,
				C35DD64C252217D200F49BD5 /* SceneDelegate.swift in Sources */,
			);
			runOnlyForDeploymentPostprocessing = 0;
		};
		C35DD65B252217D500F49BD5 /* Sources */ = {
			isa = PBXSourcesBuildPhase;
			buildActionMask = 2147483647;
			files = (
				C35DD664252217D500F49BD5 /* FinalProjectTests.swift in Sources */,
			);
			runOnlyForDeploymentPostprocessing = 0;
		};
		C35DD666252217D500F49BD5 /* Sources */ = {
			isa = PBXSourcesBuildPhase;
			buildActionMask = 2147483647;
			files = (
				C35DD66F252217D500F49BD5 /* FinalProjectUITests.swift in Sources */,
			);
			runOnlyForDeploymentPostprocessing = 0;
		};
/* End PBXSourcesBuildPhase section */

/* Begin PBXTargetDependency section */
		C35DD661252217D500F49BD5 /* PBXTargetDependency */ = {
			isa = PBXTargetDependency;
			target = C35DD645252217D200F49BD5 /* FinalProject */;
			targetProxy = C35DD660252217D500F49BD5 /* PBXContainerItemProxy */;
		};
		C35DD66C252217D500F49BD5 /* PBXTargetDependency */ = {
			isa = PBXTargetDependency;
			target = C35DD645252217D200F49BD5 /* FinalProject */;
			targetProxy = C35DD66B252217D500F49BD5 /* PBXContainerItemProxy */;
		};
/* End PBXTargetDependency section */

/* Begin PBXVariantGroup section */
		C35DD64F252217D200F49BD5 /* Main.storyboard */ = {
			isa = PBXVariantGroup;
			children = (
				C35DD650252217D200F49BD5 /* Base */,
			);
			name = Main.storyboard;
			sourceTree = "<group>";
		};
		C35DD657252217D500F49BD5 /* LaunchScreen.storyboard */ = {
			isa = PBXVariantGroup;
			children = (
				C35DD658252217D500F49BD5 /* Base */,
			);
			name = LaunchScreen.storyboard;
			sourceTree = "<group>";
		};
/* End PBXVariantGroup section */

/* Begin XCBuildConfiguration section */
		C35DD671252217D500F49BD5 /* Debug */ = {
			isa = XCBuildConfiguration;
			buildSettings = {
				ALWAYS_SEARCH_USER_PATHS = NO;
				CLANG_ANALYZER_NONNULL = YES;
				CLANG_ANALYZER_NUMBER_OBJECT_CONVERSION = YES_AGGRESSIVE;
				CLANG_CXX_LANGUAGE_STANDARD = "gnu++14";
				CLANG_CXX_LIBRARY = "libc++";
				CLANG_ENABLE_MODULES = YES;
				CLANG_ENABLE_OBJC_ARC = YES;
				CLANG_ENABLE_OBJC_WEAK = YES;
				CLANG_WARN_BLOCK_CAPTURE_AUTORELEASING = YES;
				CLANG_WARN_BOOL_CONVERSION = YES;
				CLANG_WARN_COMMA = YES;
				CLANG_WARN_CONSTANT_CONVERSION = YES;
				CLANG_WARN_DEPRECATED_OBJC_IMPLEMENTATIONS = YES;
				CLANG_WARN_DIRECT_OBJC_ISA_USAGE = YES_ERROR;
				CLANG_WARN_DOCUMENTATION_COMMENTS = YES;
				CLANG_WARN_EMPTY_BODY = YES;
				CLANG_WARN_ENUM_CONVERSION = YES;
				CLANG_WARN_INFINITE_RECURSION = YES;
				CLANG_WARN_INT_CONVERSION = YES;
				CLANG_WARN_NON_LITERAL_NULL_CONVERSION = YES;
				CLANG_WARN_OBJC_IMPLICIT_RETAIN_SELF = YES;
				CLANG_WARN_OBJC_LITERAL_CONVERSION = YES;
				CLANG_WARN_OBJC_ROOT_CLASS = YES_ERROR;
				CLANG_WARN_QUOTED_INCLUDE_IN_FRAMEWORK_HEADER = YES;
				CLANG_WARN_RANGE_LOOP_ANALYSIS = YES;
				CLANG_WARN_STRICT_PROTOTYPES = YES;
				CLANG_WARN_SUSPICIOUS_MOVE = YES;
				CLANG_WARN_UNGUARDED_AVAILABILITY = YES_AGGRESSIVE;
				CLANG_WARN_UNREACHABLE_CODE = YES;
				CLANG_WARN__DUPLICATE_METHOD_MATCH = YES;
				COPY_PHASE_STRIP = NO;
				DEBUG_INFORMATION_FORMAT = dwarf;
				ENABLE_STRICT_OBJC_MSGSEND = YES;
				ENABLE_TESTABILITY = YES;
				GCC_C_LANGUAGE_STANDARD = gnu11;
				GCC_DYNAMIC_NO_PIC = NO;
				GCC_NO_COMMON_BLOCKS = YES;
				GCC_OPTIMIZATION_LEVEL = 0;
				GCC_PREPROCESSOR_DEFINITIONS = (
					"DEBUG=1",
					"$(inherited)",
				);
				GCC_WARN_64_TO_32_BIT_CONVERSION = YES;
				GCC_WARN_ABOUT_RETURN_TYPE = YES_ERROR;
				GCC_WARN_UNDECLARED_SELECTOR = YES;
				GCC_WARN_UNINITIALIZED_AUTOS = YES_AGGRESSIVE;
				GCC_WARN_UNUSED_FUNCTION = YES;
				GCC_WARN_UNUSED_VARIABLE = YES;
				IPHONEOS_DEPLOYMENT_TARGET = 14.0;
				MTL_ENABLE_DEBUG_INFO = INCLUDE_SOURCE;
				MTL_FAST_MATH = YES;
				ONLY_ACTIVE_ARCH = YES;
				SDKROOT = iphoneos;
				SWIFT_ACTIVE_COMPILATION_CONDITIONS = DEBUG;
				SWIFT_OPTIMIZATION_LEVEL = "-Onone";
			};
			name = Debug;
		};
		C35DD672252217D500F49BD5 /* Release */ = {
			isa = XCBuildConfiguration;
			buildSettings = {
				ALWAYS_SEARCH_USER_PATHS = NO;
				CLANG_ANALYZER_NONNULL = YES;
				CLANG_ANALYZER_NUMBER_OBJECT_CONVERSION = YES_AGGRESSIVE;
				CLANG_CXX_LANGUAGE_STANDARD = "gnu++14";
				CLANG_CXX_LIBRARY = "libc++";
				CLANG_ENABLE_MODULES = YES;
				CLANG_ENABLE_OBJC_ARC = YES;
				CLANG_ENABLE_OBJC_WEAK = YES;
				CLANG_WARN_BLOCK_CAPTURE_AUTORELEASING = YES;
				CLANG_WARN_BOOL_CONVERSION = YES;
				CLANG_WARN_COMMA = YES;
				CLANG_WARN_CONSTANT_CONVERSION = YES;
				CLANG_WARN_DEPRECATED_OBJC_IMPLEMENTATIONS = YES;
				CLANG_WARN_DIRECT_OBJC_ISA_USAGE = YES_ERROR;
				CLANG_WARN_DOCUMENTATION_COMMENTS = YES;
				CLANG_WARN_EMPTY_BODY = YES;
				CLANG_WARN_ENUM_CONVERSION = YES;
				CLANG_WARN_INFINITE_RECURSION = YES;
				CLANG_WARN_INT_CONVERSION = YES;
				CLANG_WARN_NON_LITERAL_NULL_CONVERSION = YES;
				CLANG_WARN_OBJC_IMPLICIT_RETAIN_SELF = YES;
				CLANG_WARN_OBJC_LITERAL_CONVERSION = YES;
				CLANG_WARN_OBJC_ROOT_CLASS = YES_ERROR;
				CLANG_WARN_QUOTED_INCLUDE_IN_FRAMEWORK_HEADER = YES;
				CLANG_WARN_RANGE_LOOP_ANALYSIS = YES;
				CLANG_WARN_STRICT_PROTOTYPES = YES;
				CLANG_WARN_SUSPICIOUS_MOVE = YES;
				CLANG_WARN_UNGUARDED_AVAILABILITY = YES_AGGRESSIVE;
				CLANG_WARN_UNREACHABLE_CODE = YES;
				CLANG_WARN__DUPLICATE_METHOD_MATCH = YES;
				COPY_PHASE_STRIP = NO;
				DEBUG_INFORMATION_FORMAT = "dwarf-with-dsym";
				ENABLE_NS_ASSERTIONS = NO;
				ENABLE_STRICT_OBJC_MSGSEND = YES;
				GCC_C_LANGUAGE_STANDARD = gnu11;
				GCC_NO_COMMON_BLOCKS = YES;
				GCC_WARN_64_TO_32_BIT_CONVERSION = YES;
				GCC_WARN_ABOUT_RETURN_TYPE = YES_ERROR;
				GCC_WARN_UNDECLARED_SELECTOR = YES;
				GCC_WARN_UNINITIALIZED_AUTOS = YES_AGGRESSIVE;
				GCC_WARN_UNUSED_FUNCTION = YES;
				GCC_WARN_UNUSED_VARIABLE = YES;
				IPHONEOS_DEPLOYMENT_TARGET = 14.0;
				MTL_ENABLE_DEBUG_INFO = NO;
				MTL_FAST_MATH = YES;
				SDKROOT = iphoneos;
				SWIFT_COMPILATION_MODE = wholemodule;
				SWIFT_OPTIMIZATION_LEVEL = "-O";
				VALIDATE_PRODUCT = YES;
			};
			name = Release;
		};
		C35DD674252217D500F49BD5 /* Debug */ = {
			isa = XCBuildConfiguration;
			buildSettings = {
				ASSETCATALOG_COMPILER_APPICON_NAME = AppIcon;
				ASSETCATALOG_COMPILER_GLOBAL_ACCENT_COLOR_NAME = AccentColor;
				CODE_SIGN_STYLE = Automatic;
				INFOPLIST_FILE = FinalProject/Info.plist;
				LD_RUNPATH_SEARCH_PATHS = (
					"$(inherited)",
					"@executable_path/Frameworks",
				);
				PRODUCT_BUNDLE_IDENTIFIER = "ca.stclairconnect.izacc.casey-lucas01.FinalProject";
				PRODUCT_NAME = "$(TARGET_NAME)";
				SWIFT_VERSION = 5.0;
				TARGETED_DEVICE_FAMILY = "1,2";
			};
			name = Debug;
		};
		C35DD675252217D500F49BD5 /* Release */ = {
			isa = XCBuildConfiguration;
			buildSettings = {
				ASSETCATALOG_COMPILER_APPICON_NAME = AppIcon;
				ASSETCATALOG_COMPILER_GLOBAL_ACCENT_COLOR_NAME = AccentColor;
				CODE_SIGN_STYLE = Automatic;
				INFOPLIST_FILE = FinalProject/Info.plist;
				LD_RUNPATH_SEARCH_PATHS = (
					"$(inherited)",
					"@executable_path/Frameworks",
				);
				PRODUCT_BUNDLE_IDENTIFIER = "ca.stclairconnect.izacc.casey-lucas01.FinalProject";
				PRODUCT_NAME = "$(TARGET_NAME)";
				SWIFT_VERSION = 5.0;
				TARGETED_DEVICE_FAMILY = "1,2";
			};
			name = Release;
		};
		C35DD677252217D500F49BD5 /* Debug */ = {
			isa = XCBuildConfiguration;
			buildSettings = {
				ALWAYS_EMBED_SWIFT_STANDARD_LIBRARIES = YES;
				BUNDLE_LOADER = "$(TEST_HOST)";
				CODE_SIGN_STYLE = Automatic;
				INFOPLIST_FILE = FinalProjectTests/Info.plist;
				IPHONEOS_DEPLOYMENT_TARGET = 14.0;
				LD_RUNPATH_SEARCH_PATHS = (
					"$(inherited)",
					"@executable_path/Frameworks",
					"@loader_path/Frameworks",
				);
				PRODUCT_BUNDLE_IDENTIFIER = "ca.stclairconnect.izacc.casey-lucas01.FinalProjectTests";
				PRODUCT_NAME = "$(TARGET_NAME)";
				SWIFT_VERSION = 5.0;
				TARGETED_DEVICE_FAMILY = "1,2";
				TEST_HOST = "$(BUILT_PRODUCTS_DIR)/FinalProject.app/FinalProject";
			};
			name = Debug;
		};
		C35DD678252217D500F49BD5 /* Release */ = {
			isa = XCBuildConfiguration;
			buildSettings = {
				ALWAYS_EMBED_SWIFT_STANDARD_LIBRARIES = YES;
				BUNDLE_LOADER = "$(TEST_HOST)";
				CODE_SIGN_STYLE = Automatic;
				INFOPLIST_FILE = FinalProjectTests/Info.plist;
				IPHONEOS_DEPLOYMENT_TARGET = 14.0;
				LD_RUNPATH_SEARCH_PATHS = (
					"$(inherited)",
					"@executable_path/Frameworks",
					"@loader_path/Frameworks",
				);
				PRODUCT_BUNDLE_IDENTIFIER = "ca.stclairconnect.izacc.casey-lucas01.FinalProjectTests";
				PRODUCT_NAME = "$(TARGET_NAME)";
				SWIFT_VERSION = 5.0;
				TARGETED_DEVICE_FAMILY = "1,2";
				TEST_HOST = "$(BUILT_PRODUCTS_DIR)/FinalProject.app/FinalProject";
			};
			name = Release;
		};
		C35DD67A252217D500F49BD5 /* Debug */ = {
			isa = XCBuildConfiguration;
			buildSettings = {
				ALWAYS_EMBED_SWIFT_STANDARD_LIBRARIES = YES;
				CODE_SIGN_STYLE = Automatic;
				INFOPLIST_FILE = FinalProjectUITests/Info.plist;
				LD_RUNPATH_SEARCH_PATHS = (
					"$(inherited)",
					"@executable_path/Frameworks",
					"@loader_path/Frameworks",
				);
				PRODUCT_BUNDLE_IDENTIFIER = "ca.stclairconnect.izacc.casey-lucas01.FinalProjectUITests";
				PRODUCT_NAME = "$(TARGET_NAME)";
				SWIFT_VERSION = 5.0;
				TARGETED_DEVICE_FAMILY = "1,2";
				TEST_TARGET_NAME = FinalProject;
			};
			name = Debug;
		};
		C35DD67B252217D500F49BD5 /* Release */ = {
			isa = XCBuildConfiguration;
			buildSettings = {
				ALWAYS_EMBED_SWIFT_STANDARD_LIBRARIES = YES;
				CODE_SIGN_STYLE = Automatic;
				INFOPLIST_FILE = FinalProjectUITests/Info.plist;
				LD_RUNPATH_SEARCH_PATHS = (
					"$(inherited)",
					"@executable_path/Frameworks",
					"@loader_path/Frameworks",
				);
				PRODUCT_BUNDLE_IDENTIFIER = "ca.stclairconnect.izacc.casey-lucas01.FinalProjectUITests";
				PRODUCT_NAME = "$(TARGET_NAME)";
				SWIFT_VERSION = 5.0;
				TARGETED_DEVICE_FAMILY = "1,2";
				TEST_TARGET_NAME = FinalProject;
			};
			name = Release;
		};
/* End XCBuildConfiguration section */

/* Begin XCConfigurationList section */
		C35DD641252217D200F49BD5 /* Build configuration list for PBXProject "FinalProject" */ = {
			isa = XCConfigurationList;
			buildConfigurations = (
				C35DD671252217D500F49BD5 /* Debug */,
				C35DD672252217D500F49BD5 /* Release */,
			);
			defaultConfigurationIsVisible = 0;
			defaultConfigurationName = Release;
		};
		C35DD673252217D500F49BD5 /* Build configuration list for PBXNativeTarget "FinalProject" */ = {
			isa = XCConfigurationList;
			buildConfigurations = (
				C35DD674252217D500F49BD5 /* Debug */,
				C35DD675252217D500F49BD5 /* Release */,
			);
			defaultConfigurationIsVisible = 0;
			defaultConfigurationName = Release;
		};
		C35DD676252217D500F49BD5 /* Build configuration list for PBXNativeTarget "FinalProjectTests" */ = {
			isa = XCConfigurationList;
			buildConfigurations = (
				C35DD677252217D500F49BD5 /* Debug */,
				C35DD678252217D500F49BD5 /* Release */,
			);
			defaultConfigurationIsVisible = 0;
			defaultConfigurationName = Release;
		};
		C35DD679252217D500F49BD5 /* Build configuration list for PBXNativeTarget "FinalProjectUITests" */ = {
			isa = XCConfigurationList;
			buildConfigurations = (
				C35DD67A252217D500F49BD5 /* Debug */,
				C35DD67B252217D500F49BD5 /* Release */,
			);
			defaultConfigurationIsVisible = 0;
			defaultConfigurationName = Release;
		};
/* End XCConfigurationList section */

/* Begin XCVersionGroup section */
		C35DD652252217D200F49BD5 /* FinalProject.xcdatamodeld */ = {
			isa = XCVersionGroup;
			children = (
				C35DD653252217D200F49BD5 /* FinalProject.xcdatamodel */,
			);
			currentVersion = C35DD653252217D200F49BD5 /* FinalProject.xcdatamodel */;
			path = FinalProject.xcdatamodeld;
			sourceTree = "<group>";
			versionGroupType = wrapper.xcdatamodel;
		};
/* End XCVersionGroup section */
	};
	rootObject = C35DD63E252217D200F49BD5 /* Project object */;
}
